{
  "name": "generateur",
  "lockfileVersion": 2,
  "requires": true,
  "packages": {
    "": {
      "dependencies": {
        "handsontable": "^12.2.0",
        "js-crud-api": "^0.3.0",
        "synchronized-promise": "^0.3.1",
        "vanilla-jsoneditor": "^0.10.2"
      }
    },
    "node_modules/@types/pikaday": {
      "version": "1.7.4",
      "resolved": "https://registry.npmjs.org/@types/pikaday/-/pikaday-1.7.4.tgz",
      "integrity": "sha512-0KsHVyw5pTG829nqG4IRu7m+BFQlFEBdbE/1i3S5182HeKUKv1uEW0gyEmkJVp5i4IV+9pyh23O83+KpRkSQbw==",
      "dependencies": {
        "moment": ">=2.14.0"
      }
    },
    "node_modules/bignumber.js": {
      "version": "8.1.1",
      "resolved": "https://registry.npmjs.org/bignumber.js/-/bignumber.js-8.1.1.tgz",
      "integrity": "sha512-QD46ppGintwPGuL1KqmwhR0O+N2cZUg8JG/VzwI2e28sM9TqHjQB10lI4QAaMHVbLzwVLLAwEglpKPViWX+5NQ==",
      "engines": {
        "node": "*"
      }
    },
    "node_modules/bindings": {
      "version": "1.5.0",
      "resolved": "https://registry.npmjs.org/bindings/-/bindings-1.5.0.tgz",
      "integrity": "sha512-p2q/t/mhvuOj/UeLlV6566GD/guowlr0hHxClI0W9m7MWYkL1F0hLo+0Aexs9HSPCtR1SXQ0TD3MMKrXZajbiQ==",
      "dependencies": {
        "file-uri-to-path": "1.0.0"
      }
    },
    "node_modules/chevrotain": {
      "version": "6.5.0",
      "resolved": "https://registry.npmjs.org/chevrotain/-/chevrotain-6.5.0.tgz",
      "integrity": "sha512-BwqQ/AgmKJ8jcMEjaSnfMybnKMgGTrtDKowfTP3pX4jwVy0kNjRsT/AP6h+wC3+3NC+X8X15VWBnTCQlX+wQFg==",
      "optional": true,
      "dependencies": {
        "regexp-to-ast": "0.4.0"
      }
    },
    "node_modules/core-js": {
      "version": "3.26.1",
      "resolved": "https://registry.npmjs.org/core-js/-/core-js-3.26.1.tgz",
      "integrity": "sha512-21491RRQVzUn0GGM9Z1Jrpr6PNPxPi+Za8OM9q4tksTSnlbXXGKK1nXNg/QvwFYettXvSX6zWKCtHHfjN4puyA==",
      "hasInstallScript": true,
      "funding": {
        "type": "opencollective",
        "url": "https://opencollective.com/core-js"
      }
    },
    "node_modules/deasync": {
      "version": "0.1.28",
      "resolved": "https://registry.npmjs.org/deasync/-/deasync-0.1.28.tgz",
      "integrity": "sha512-QqLF6inIDwiATrfROIyQtwOQxjZuek13WRYZ7donU5wJPLoP67MnYxA6QtqdvdBy2mMqv5m3UefBVdJjvevOYg==",
      "hasInstallScript": true,
      "dependencies": {
        "bindings": "^1.5.0",
        "node-addon-api": "^1.7.1"
      },
      "engines": {
        "node": ">=0.11.0"
      }
    },
    "node_modules/dompurify": {
      "version": "2.4.1",
      "resolved": "https://registry.npmjs.org/dompurify/-/dompurify-2.4.1.tgz",
      "integrity": "sha512-ewwFzHzrrneRjxzmK6oVz/rZn9VWspGFRDb4/rRtIsM1n36t9AKma/ye8syCpcw+XJ25kOK/hOG7t1j2I2yBqA=="
    },
    "node_modules/file-uri-to-path": {
      "version": "1.0.0",
      "resolved": "https://registry.npmjs.org/file-uri-to-path/-/file-uri-to-path-1.0.0.tgz",
      "integrity": "sha512-0Zt+s3L7Vf1biwWZ29aARiVYLx7iMGnEUl9x33fbB/j3jR81u/O2LbqK+Bm1CDSNDKVtJ/YjwY7TUd5SkeLQLw=="
    },
    "node_modules/handsontable": {
      "version": "12.2.0",
      "resolved": "https://registry.npmjs.org/handsontable/-/handsontable-12.2.0.tgz",
      "integrity": "sha512-ngJ+HdE1TLU8qqsd6o/J6HnEKss/9dCAiC4qA8qCfGp5QTHQeBNUB5WONCxzwHbZtOvxfgiMB4OWw4A3i6A7hg==",
      "dependencies": {
        "@types/pikaday": "1.7.4",
        "core-js": "^3.0.0",
        "dompurify": "^2.1.1",
        "moment": "2.29.4",
        "numbro": "2.1.2",
        "pikaday": "1.8.2"
      },
      "optionalDependencies": {
        "hyperformula": "^2.0.0"
      }
    },
    "node_modules/hyperformula": {
      "version": "2.2.0",
      "resolved": "https://registry.npmjs.org/hyperformula/-/hyperformula-2.2.0.tgz",
      "integrity": "sha512-RgtYOXcVfWqt48bzEj0hclQo67IGVdYSpmLNTvAlEYA0XIGPMXLhP6fZZIIYNmLK+pDnKEN6BHSUioB7t3hZYw==",
      "optional": true,
      "dependencies": {
        "chevrotain": "^6.5.0",
        "tiny-emitter": "^2.1.0",
        "unorm": "^1.6.0"
      }
    },
    "node_modules/js-crud-api": {
      "version": "0.3.0",
      "resolved": "https://registry.npmjs.org/js-crud-api/-/js-crud-api-0.3.0.tgz",
      "integrity": "sha512-fzftCCbClKL+2NQLTB/Poz3/DqA9pEOZoqNpFlQrw0J4Pe8x5nKd0la2cn+yoSSqdKHGC58Cfcmi2JZ8kMP0qQ=="
    },
    "node_modules/moment": {
      "version": "2.29.4",
      "resolved": "https://registry.npmjs.org/moment/-/moment-2.29.4.tgz",
      "integrity": "sha512-5LC9SOxjSc2HF6vO2CyuTDNivEdoz2IvyJJGj6X8DJ0eFyfszE0QiEd+iXmBvUP3WHxSjFH/vIsA0EN00cgr8w==",
      "engines": {
        "node": "*"
      }
    },
    "node_modules/node-addon-api": {
      "version": "1.7.2",
      "resolved": "https://registry.npmjs.org/node-addon-api/-/node-addon-api-1.7.2.tgz",
      "integrity": "sha512-ibPK3iA+vaY1eEjESkQkM0BbCqFOaZMiXRTtdB0u7b4djtY6JnsjvPdUHVMg6xQt3B8fpTTWHI9A+ADjM9frzg=="
    },
    "node_modules/numbro": {
      "version": "2.1.2",
      "resolved": "https://registry.npmjs.org/numbro/-/numbro-2.1.2.tgz",
      "integrity": "sha512-7w833BxZmKGLE9HI0aREtNVRVH6WTYUUlWf4qgA5gKNhPQ4F/MRZ14sc0v8eoLORprk9ZTVwYaLwj8N3Zgxwiw==",
      "dependencies": {
        "bignumber.js": "^8.0.1"
      },
      "engines": {
        "node": "*"
      }
    },
    "node_modules/pikaday": {
      "version": "1.8.2",
      "resolved": "https://registry.npmjs.org/pikaday/-/pikaday-1.8.2.tgz",
      "integrity": "sha512-TNtsE+34BIax3WtkB/qqu5uepV1McKYEgvL3kWzU7aqPCpMEN6rBF3AOwu4WCwAealWlBGobXny/9kJb49C1ew=="
    },
    "node_modules/regexp-to-ast": {
      "version": "0.4.0",
      "resolved": "https://registry.npmjs.org/regexp-to-ast/-/regexp-to-ast-0.4.0.tgz",
      "integrity": "sha512-4qf/7IsIKfSNHQXSwial1IFmfM1Cc/whNBQqRwe0V2stPe7KmN1U0tWQiIx6JiirgSrisjE0eECdNf7Tav1Ntw==",
      "optional": true
    },
    "node_modules/synchronized-promise": {
      "version": "0.3.1",
      "resolved": "https://registry.npmjs.org/synchronized-promise/-/synchronized-promise-0.3.1.tgz",
      "integrity": "sha512-Iy+JzrERSUrwpOHUDku8HHIddk8V6iLG9bPIzboP2i5RYkn2eSmRB8waSaX7Rc/+DUUsnFsoOHrmniwOp9BOgw==",
      "dependencies": {
        "deasync": "^0.1.15"
      },
      "engines": {
        "node": ">=4.2.0"
      }
    },
    "node_modules/tiny-emitter": {
      "version": "2.1.0",
      "resolved": "https://registry.npmjs.org/tiny-emitter/-/tiny-emitter-2.1.0.tgz",
      "integrity": "sha512-NB6Dk1A9xgQPMoGqC5CVXn123gWyte215ONT5Pp5a0yt4nlEoO1ZWeCwpncaekPHXO60i47ihFnZPiRPjRMq4Q==",
      "optional": true
    },
    "node_modules/unorm": {
      "version": "1.6.0",
      "resolved": "https://registry.npmjs.org/unorm/-/unorm-1.6.0.tgz",
      "integrity": "sha512-b2/KCUlYZUeA7JFUuRJZPUtr4gZvBh7tavtv4fvk4+KV9pfGiR6CQAQAWl49ZpR3ts2dk4FYkP7EIgDJoiOLDA==",
      "optional": true,
      "engines": {
        "node": ">= 0.4.0"
      }
    },
    "node_modules/vanilla-jsoneditor": {
      "version": "0.10.2",
      "resolved": "https://registry.npmjs.org/vanilla-jsoneditor/-/vanilla-jsoneditor-0.10.2.tgz",
      "integrity": "sha512-9/9kBA2DKbVh6zUwxOUkcJs65tz04OVlgAQetU62lbL9ZJwdCSS9YquQ3dkz/60apHEfu8yQj7savFj5zTh2Yw=="
    }
  },
  "dependencies": {
    "@types/pikaday": {
      "version": "1.7.4",
      "resolved": "https://registry.npmjs.org/@types/pikaday/-/pikaday-1.7.4.tgz",
      "integrity": "sha512-0KsHVyw5pTG829nqG4IRu7m+BFQlFEBdbE/1i3S5182HeKUKv1uEW0gyEmkJVp5i4IV+9pyh23O83+KpRkSQbw==",
      "requires": {
        "moment": ">=2.14.0"
      }
    },
    "bignumber.js": {
      "version": "8.1.1",
      "resolved": "https://registry.npmjs.org/bignumber.js/-/bignumber.js-8.1.1.tgz",
      "integrity": "sha512-QD46ppGintwPGuL1KqmwhR0O+N2cZUg8JG/VzwI2e28sM9TqHjQB10lI4QAaMHVbLzwVLLAwEglpKPViWX+5NQ=="
    },
    "bindings": {
      "version": "1.5.0",
      "resolved": "https://registry.npmjs.org/bindings/-/bindings-1.5.0.tgz",
      "integrity": "sha512-p2q/t/mhvuOj/UeLlV6566GD/guowlr0hHxClI0W9m7MWYkL1F0hLo+0Aexs9HSPCtR1SXQ0TD3MMKrXZajbiQ==",
      "requires": {
        "file-uri-to-path": "1.0.0"
      }
    },
    "chevrotain": {
      "version": "6.5.0",
      "resolved": "https://registry.npmjs.org/chevrotain/-/chevrotain-6.5.0.tgz",
      "integrity": "sha512-BwqQ/AgmKJ8jcMEjaSnfMybnKMgGTrtDKowfTP3pX4jwVy0kNjRsT/AP6h+wC3+3NC+X8X15VWBnTCQlX+wQFg==",
      "optional": true,
      "requires": {
        "regexp-to-ast": "0.4.0"
      }
    },
    "core-js": {
      "version": "3.26.1",
      "resolved": "https://registry.npmjs.org/core-js/-/core-js-3.26.1.tgz",
      "integrity": "sha512-21491RRQVzUn0GGM9Z1Jrpr6PNPxPi+Za8OM9q4tksTSnlbXXGKK1nXNg/QvwFYettXvSX6zWKCtHHfjN4puyA=="
    },
    "deasync": {
      "version": "0.1.28",
      "resolved": "https://registry.npmjs.org/deasync/-/deasync-0.1.28.tgz",
      "integrity": "sha512-QqLF6inIDwiATrfROIyQtwOQxjZuek13WRYZ7donU5wJPLoP67MnYxA6QtqdvdBy2mMqv5m3UefBVdJjvevOYg==",
      "requires": {
        "bindings": "^1.5.0",
        "node-addon-api": "^1.7.1"
      }
    },
    "dompurify": {
      "version": "2.4.1",
      "resolved": "https://registry.npmjs.org/dompurify/-/dompurify-2.4.1.tgz",
      "integrity": "sha512-ewwFzHzrrneRjxzmK6oVz/rZn9VWspGFRDb4/rRtIsM1n36t9AKma/ye8syCpcw+XJ25kOK/hOG7t1j2I2yBqA=="
    },
    "file-uri-to-path": {
      "version": "1.0.0",
      "resolved": "https://registry.npmjs.org/file-uri-to-path/-/file-uri-to-path-1.0.0.tgz",
      "integrity": "sha512-0Zt+s3L7Vf1biwWZ29aARiVYLx7iMGnEUl9x33fbB/j3jR81u/O2LbqK+Bm1CDSNDKVtJ/YjwY7TUd5SkeLQLw=="
    },
    "handsontable": {
      "version": "12.2.0",
      "resolved": "https://registry.npmjs.org/handsontable/-/handsontable-12.2.0.tgz",
      "integrity": "sha512-ngJ+HdE1TLU8qqsd6o/J6HnEKss/9dCAiC4qA8qCfGp5QTHQeBNUB5WONCxzwHbZtOvxfgiMB4OWw4A3i6A7hg==",
      "requires": {
        "@types/pikaday": "1.7.4",
        "core-js": "^3.0.0",
        "dompurify": "^2.1.1",
        "hyperformula": "^2.0.0",
        "moment": "2.29.4",
        "numbro": "2.1.2",
        "pikaday": "1.8.2"
      }
    },
    "hyperformula": {
      "version": "2.2.0",
      "resolved": "https://registry.npmjs.org/hyperformula/-/hyperformula-2.2.0.tgz",
      "integrity": "sha512-RgtYOXcVfWqt48bzEj0hclQo67IGVdYSpmLNTvAlEYA0XIGPMXLhP6fZZIIYNmLK+pDnKEN6BHSUioB7t3hZYw==",
      "optional": true,
      "requires": {
        "chevrotain": "^6.5.0",
        "tiny-emitter": "^2.1.0",
        "unorm": "^1.6.0"
      }
    },
    "js-crud-api": {
      "version": "0.3.0",
      "resolved": "https://registry.npmjs.org/js-crud-api/-/js-crud-api-0.3.0.tgz",
      "integrity": "sha512-fzftCCbClKL+2NQLTB/Poz3/DqA9pEOZoqNpFlQrw0J4Pe8x5nKd0la2cn+yoSSqdKHGC58Cfcmi2JZ8kMP0qQ=="
    },
    "moment": {
      "version": "2.29.4",
      "resolved": "https://registry.npmjs.org/moment/-/moment-2.29.4.tgz",
      "integrity": "sha512-5LC9SOxjSc2HF6vO2CyuTDNivEdoz2IvyJJGj6X8DJ0eFyfszE0QiEd+iXmBvUP3WHxSjFH/vIsA0EN00cgr8w=="
    },
    "node-addon-api": {
      "version": "1.7.2",
      "resolved": "https://registry.npmjs.org/node-addon-api/-/node-addon-api-1.7.2.tgz",
      "integrity": "sha512-ibPK3iA+vaY1eEjESkQkM0BbCqFOaZMiXRTtdB0u7b4djtY6JnsjvPdUHVMg6xQt3B8fpTTWHI9A+ADjM9frzg=="
    },
    "numbro": {
      "version": "2.1.2",
      "resolved": "https://registry.npmjs.org/numbro/-/numbro-2.1.2.tgz",
      "integrity": "sha512-7w833BxZmKGLE9HI0aREtNVRVH6WTYUUlWf4qgA5gKNhPQ4F/MRZ14sc0v8eoLORprk9ZTVwYaLwj8N3Zgxwiw==",
      "requires": {
        "bignumber.js": "^8.0.1"
      }
    },
    "pikaday": {
      "version": "1.8.2",
      "resolved": "https://registry.npmjs.org/pikaday/-/pikaday-1.8.2.tgz",
      "integrity": "sha512-TNtsE+34BIax3WtkB/qqu5uepV1McKYEgvL3kWzU7aqPCpMEN6rBF3AOwu4WCwAealWlBGobXny/9kJb49C1ew=="
    },
    "regexp-to-ast": {
      "version": "0.4.0",
      "resolved": "https://registry.npmjs.org/regexp-to-ast/-/regexp-to-ast-0.4.0.tgz",
      "integrity": "sha512-4qf/7IsIKfSNHQXSwial1IFmfM1Cc/whNBQqRwe0V2stPe7KmN1U0tWQiIx6JiirgSrisjE0eECdNf7Tav1Ntw==",
      "optional": true
    },
    "synchronized-promise": {
      "version": "0.3.1",
      "resolved": "https://registry.npmjs.org/synchronized-promise/-/synchronized-promise-0.3.1.tgz",
      "integrity": "sha512-Iy+JzrERSUrwpOHUDku8HHIddk8V6iLG9bPIzboP2i5RYkn2eSmRB8waSaX7Rc/+DUUsnFsoOHrmniwOp9BOgw==",
      "requires": {
        "deasync": "^0.1.15"
      }
    },
    "tiny-emitter": {
      "version": "2.1.0",
      "resolved": "https://registry.npmjs.org/tiny-emitter/-/tiny-emitter-2.1.0.tgz",
      "integrity": "sha512-NB6Dk1A9xgQPMoGqC5CVXn123gWyte215ONT5Pp5a0yt4nlEoO1ZWeCwpncaekPHXO60i47ihFnZPiRPjRMq4Q==",
      "optional": true
    },
    "unorm": {
      "version": "1.6.0",
      "resolved": "https://registry.npmjs.org/unorm/-/unorm-1.6.0.tgz",
      "integrity": "sha512-b2/KCUlYZUeA7JFUuRJZPUtr4gZvBh7tavtv4fvk4+KV9pfGiR6CQAQAWl49ZpR3ts2dk4FYkP7EIgDJoiOLDA==",
      "optional": true
    },
    "vanilla-jsoneditor": {
      "version": "0.10.2",
      "resolved": "https://registry.npmjs.org/vanilla-jsoneditor/-/vanilla-jsoneditor-0.10.2.tgz",
      "integrity": "sha512-9/9kBA2DKbVh6zUwxOUkcJs65tz04OVlgAQetU62lbL9ZJwdCSS9YquQ3dkz/60apHEfu8yQj7savFj5zTh2Yw=="
    }
  }
}
